SITE
  remote: http://community.opscode.com/api/v1
  specs:
    apt (2.3.8)
    build-essential (1.4.4)
    chef_handler (1.1.5)
    dmg (2.2.0)
    git (3.0.0)
      build-essential (>= 0.0.0)
      dmg (>= 0.0.0)
      runit (>= 1.0.0)
      windows (>= 0.0.0)
      yum (~> 3.0)
      yum-epel (>= 0.0.0)
    imagemagick (0.2.3)
    memcached (1.7.0)
      runit (~> 1.0)
      yum (~> 3.0)
      yum-epel (>= 0.0.0)
    postfix (3.1.4)
    runit (1.5.8)
      build-essential (>= 0.0.0)
      yum (~> 3.0)
      yum-epel (>= 0.0.0)
    ubuntu (1.1.6)
      apt (>= 0.0.0)
    windows (1.30.0)
      chef_handler (>= 0.0.0)
    yum (3.1.2)
    yum-epel (0.3.4)
      yum (~> 3.0)

GIT
  remote: https://github.com/phlipper/chef-postgresql.git
  ref: master
  sha: 89670ad805393f6b4bb495c32a03115a66f6fe61
  specs:
    postgresql (0.13.1)
      apt (>= 1.9.0)

DEPENDENCIES
  apt (>= 0)
  build-essential (>= 0)
  git (>= 0)
  imagemagick (>= 0)
  memcached (>= 0)
  postfix (>= 0)
  postgresql (>= 0)
  ubuntu (>= 0)

